
Microsoft Visual Studio Solution File, Format Version 12.00
# Visual Studio 2013
Project("{FAE04EC0-301F-11D3-BF4B-00C04F79EFBC}") = "UnityVS.Volcano_UnityProject.CSharp.Plugins", "UnityVS.Volcano_UnityProject.CSharp.Plugins.csproj", "{C0014FB3-CFB3-5C0A-4DD5-618CEE6CC074}"
EndProject
Project("{FAE04EC0-301F-11D3-BF4B-00C04F79EFBC}") = "UnityVS.Volcano_UnityProject.CSharp", "UnityVS.Volcano_UnityProject.CSharp.csproj", "{876FD955-617F-C4AE-4E48-7FE0B8D2784A}"
EndProject
Project("{FAE04EC0-301F-11D3-BF4B-00C04F79EFBC}") = "UnityVS.Volcano_UnityProject.CSharp.Editor", "UnityVS.Volcano_UnityProject.CSharp.Editor.csproj", "{8763AA8B-7A67-06FF-9EF6-E37E23B2C468}"
EndProject
Global
	GlobalSection(SolutionConfigurationPlatforms) = preSolution
		Debug|Any CPU = Debug|Any CPU
		Release|Any CPU = Release|Any CPU
	EndGlobalSection
	GlobalSection(ProjectConfigurationPlatforms) = postSolution
		{C0014FB3-CFB3-5C0A-4DD5-618CEE6CC074}.Debug|Any CPU.ActiveCfg = Debug|Any CPU
		{C0014FB3-CFB3-5C0A-4DD5-618CEE6CC074}.Debug|Any CPU.Build.0 = Debug|Any CPU
		{C0014FB3-CFB3-5C0A-4DD5-618CEE6CC074}.Release|Any CPU.ActiveCfg = Release|Any CPU
		{C0014FB3-CFB3-5C0A-4DD5-618CEE6CC074}.Release|Any CPU.Build.0 = Release|Any CPU
		{876FD955-617F-C4AE-4E48-7FE0B8D2784A}.Debug|Any CPU.ActiveCfg = Debug|Any CPU
		{876FD955-617F-C4AE-4E48-7FE0B8D2784A}.Debug|Any CPU.Build.0 = Debug|Any CPU
		{876FD955-617F-C4AE-4E48-7FE0B8D2784A}.Release|Any CPU.ActiveCfg = Release|Any CPU
		{876FD955-617F-C4AE-4E48-7FE0B8D2784A}.Release|Any CPU.Build.0 = Release|Any CPU
		{8763AA8B-7A67-06FF-9EF6-E37E23B2C468}.Debug|Any CPU.ActiveCfg = Debug|Any CPU
		{8763AA8B-7A67-06FF-9EF6-E37E23B2C468}.Debug|Any CPU.Build.0 = Debug|Any CPU
		{8763AA8B-7A67-06FF-9EF6-E37E23B2C468}.Release|Any CPU.ActiveCfg = Release|Any CPU
		{8763AA8B-7A67-06FF-9EF6-E37E23B2C468}.Release|Any CPU.Build.0 = Release|Any CPU
	EndGlobalSection
	GlobalSection(SolutionProperties) = preSolution
		HideSolutionNode = FALSE
	EndGlobalSection
EndGlobal
